
Microsoft Visual Studio Solution File, Format Version 11.00
# Visual Studio 2010
Project("{E24C65DC-7377-472B-9ABA-BC803B73C61A}") = "UPSTracking", "..\..\WebSites\UPSTracking\", "{086F25A7-0882-4352-B636-C3B5BFA663B8}"
	ProjectSection(WebsiteProperties) = preProject
		TargetFrameworkMoniker = ".NETFramework,Version%3Dv4.0"
		Debug.AspNetCompiler.VirtualPath = "/UPSTracking"
		Debug.AspNetCompiler.PhysicalPath = "..\..\WebSites\UPSTracking\"
		Debug.AspNetCompiler.TargetPath = "PrecompiledWeb\UPSTracking\"
		Debug.AspNetCompiler.Updateable = "true"
		Debug.AspNetCompiler.ForceOverwrite = "true"
		Debug.AspNetCompiler.FixedNames = "false"
		Debug.AspNetCompiler.Debug = "True"
		Release.AspNetCompiler.VirtualPath = "/UPSTracking"
		Release.AspNetCompiler.PhysicalPath = "..\..\WebSites\UPSTracking\"
		Release.AspNetCompiler.TargetPath = "PrecompiledWeb\UPSTracking\"
		Release.AspNetCompiler.Updateable = "true"
		Release.AspNetCompiler.ForceOverwrite = "true"
		Release.AspNetCompiler.FixedNames = "false"
		Release.AspNetCompiler.Debug = "False"
		VWDPort = "4044"
		DefaultWebSiteLanguage = "Visual C#"
	EndProjectSection
EndProject
Global
	GlobalSection(SolutionConfigurationPlatforms) = preSolution
		Debug|Any CPU = Debug|Any CPU
	EndGlobalSection
	GlobalSection(ProjectConfigurationPlatforms) = postSolution
		{086F25A7-0882-4352-B636-C3B5BFA663B8}.Debug|Any CPU.ActiveCfg = Debug|Any CPU
		{086F25A7-0882-4352-B636-C3B5BFA663B8}.Debug|Any CPU.Build.0 = Debug|Any CPU
	EndGlobalSection
	GlobalSection(SolutionProperties) = preSolution
		HideSolutionNode = FALSE
	EndGlobalSection
EndGlobal
